// !$*UTF8*$!
{
	archiveVersion = 1;
	classes = {
	};
	objectVersion = 48;
	objects = {

/* Begin PBXBuildFile section */
		48441A58245CA5A400C372FB /* LogInViewController.swift in Sources */ = {isa = PBXBuildFile; fileRef = 48441A57245CA5A400C372FB /* LogInViewController.swift */; };
		489CC2432459AF76004E1275 /* AppDelegate.swift in Sources */ = {isa = PBXBuildFile; fileRef = 489CC2422459AF76004E1275 /* AppDelegate.swift */; };
		489CC2452459AF76004E1275 /* ViewController.swift in Sources */ = {isa = PBXBuildFile; fileRef = 489CC2442459AF76004E1275 /* ViewController.swift */; };
		489CC2482459AF76004E1275 /* Main.storyboard in Resources */ = {isa = PBXBuildFile; fileRef = 489CC2462459AF76004E1275 /* Main.storyboard */; };
		489CC24A2459AF76004E1275 /* Assets.xcassets in Resources */ = {isa = PBXBuildFile; fileRef = 489CC2492459AF76004E1275 /* Assets.xcassets */; };
		489CC24D2459AF76004E1275 /* LaunchScreen.storyboard in Resources */ = {isa = PBXBuildFile; fileRef = 489CC24B2459AF76004E1275 /* LaunchScreen.storyboard */; };
		B7EE3AC8673D920B21C0BCCD /* Pods_tinder.framework in Frameworks */ = {isa = PBXBuildFile; fileRef = EC40B9CA9B1B23C433C0F21A /* Pods_tinder.framework */; };
/* End PBXBuildFile section */

/* Begin PBXFileReference section */
		27DF19B7B646E2E8BAC27D49 /* Pods-tinder.debug.xcconfig */ = {isa = PBXFileReference; includeInIndex = 1; lastKnownFileType = text.xcconfig; name = "Pods-tinder.debug.xcconfig"; path = "Pods/Target Support Files/Pods-tinder/Pods-tinder.debug.xcconfig"; sourceTree = "<group>"; };
		48441A57245CA5A400C372FB /* LogInViewController.swift */ = {isa = PBXFileReference; lastKnownFileType = sourcecode.swift; path = LogInViewController.swift; sourceTree = "<group>"; };
		489CC23F2459AF76004E1275 /* tinder.app */ = {isa = PBXFileReference; explicitFileType = wrapper.application; includeInIndex = 0; path = tinder.app; sourceTree = BUILT_PRODUCTS_DIR; };
		489CC2422459AF76004E1275 /* AppDelegate.swift */ = {isa = PBXFileReference; lastKnownFileType = sourcecode.swift; path = AppDelegate.swift; sourceTree = "<group>"; };
		489CC2442459AF76004E1275 /* ViewController.swift */ = {isa = PBXFileReference; lastKnownFileType = sourcecode.swift; path = ViewController.swift; sourceTree = "<group>"; };
		489CC2472459AF76004E1275 /* Base */ = {isa = PBXFileReference; lastKnownFileType = file.storyboard; name = Base; path = Base.lproj/Main.storyboard; sourceTree = "<group>"; };
		489CC2492459AF76004E1275 /* Assets.xcassets */ = {isa = PBXFileReference; lastKnownFileType = folder.assetcatalog; path = Assets.xcassets; sourceTree = "<group>"; };
		489CC24C2459AF76004E1275 /* Base */ = {isa = PBXFileReference; lastKnownFileType = file.storyboard; name = Base; path = Base.lproj/LaunchScreen.storyboard; sourceTree = "<group>"; };
		489CC24E2459AF76004E1275 /* Info.plist */ = {isa = PBXFileReference; lastKnownFileType = text.plist.xml; path = Info.plist; sourceTree = "<group>"; };
		DABB8CBD90D76EC511E895F7 /* Pods-tinder.release.xcconfig */ = {isa = PBXFileReference; includeInIndex = 1; lastKnownFileType = text.xcconfig; name = "Pods-tinder.release.xcconfig"; path = "Pods/Target Support Files/Pods-tinder/Pods-tinder.release.xcconfig"; sourceTree = "<group>"; };
		EC40B9CA9B1B23C433C0F21A /* Pods_tinder.framework */ = {isa = PBXFileReference; explicitFileType = wrapper.framework; includeInIndex = 0; path = Pods_tinder.framework; sourceTree = BUILT_PRODUCTS_DIR; };
/* End PBXFileReference section */

/* Begin PBXFrameworksBuildPhase section */
		489CC23C2459AF76004E1275 /* Frameworks */ = {
			isa = PBXFrameworksBuildPhase;
			buildActionMask = 2147483647;
			files = (
				B7EE3AC8673D920B21C0BCCD /* Pods_tinder.framework in Frameworks */,
			);
			runOnlyForDeploymentPostprocessing = 0;
		};
/* End PBXFrameworksBuildPhase section */

/* Begin PBXGroup section */
		489CC2362459AF76004E1275 = {
			isa = PBXGroup;
			children = (
				489CC2412459AF76004E1275 /* tinder */,
				489CC2402459AF76004E1275 /* Products */,
				E7DF1B8E2EE8FBE54692FD2F /* Pods */,
				D71C65D18A53A2A16C452F4D /* Frameworks */,
			);
			sourceTree = "<group>";
		};
		489CC2402459AF76004E1275 /* Products */ = {
			isa = PBXGroup;
			children = (
				489CC23F2459AF76004E1275 /* tinder.app */,
			);
			name = Products;
			sourceTree = "<group>";
		};
		489CC2412459AF76004E1275 /* tinder */ = {
			isa = PBXGroup;
			children = (
				489CC2422459AF76004E1275 /* AppDelegate.swift */,
				489CC2442459AF76004E1275 /* ViewController.swift */,
				489CC2462459AF76004E1275 /* Main.storyboard */,
				48441A57245CA5A400C372FB /* LogInViewController.swift */,
				489CC2492459AF76004E1275 /* Assets.xcassets */,
				489CC24B2459AF76004E1275 /* LaunchScreen.storyboard */,
				489CC24E2459AF76004E1275 /* Info.plist */,
			);
			path = tinder;
			sourceTree = "<group>";
		};
		D71C65D18A53A2A16C452F4D /* Frameworks */ = {
			isa = PBXGroup;
			children = (
				EC40B9CA9B1B23C433C0F21A /* Pods_tinder.framework */,
			);
			name = Frameworks;
			sourceTree = "<group>";
		};
		E7DF1B8E2EE8FBE54692FD2F /* Pods */ = {
			isa = PBXGroup;
			children = (
				27DF19B7B646E2E8BAC27D49 /* Pods-tinder.debug.xcconfig */,
				DABB8CBD90D76EC511E895F7 /* Pods-tinder.release.xcconfig */,
			);
			name = Pods;
			sourceTree = "<group>";
		};
/* End PBXGroup section */

/* Begin PBXNativeTarget section */
		489CC23E2459AF76004E1275 /* tinder */ = {
			isa = PBXNativeTarget;
			buildConfigurationList = 489CC2512459AF76004E1275 /* Build configuration list for PBXNativeTarget "tinder" */;
			buildPhases = (
				CD826CF283D88E0136CE0D65 /* [CP] Check Pods Manifest.lock */,
				489CC23B2459AF76004E1275 /* Sources */,
				489CC23C2459AF76004E1275 /* Frameworks */,
				489CC23D2459AF76004E1275 /* Resources */,
				7CA772143CD8FB228167B580 /* [CP] Embed Pods Frameworks */,
			);
			buildRules = (
			);
			dependencies = (
			);
			name = tinder;
			productName = tinder;
			productReference = 489CC23F2459AF76004E1275 /* tinder.app */;
			productType = "com.apple.product-type.application";
		};
/* End PBXNativeTarget section */

/* Begin PBXProject section */
		489CC2372459AF76004E1275 /* Project object */ = {
			isa = PBXProject;
			attributes = {
				LastSwiftUpdateCheck = 0900;
				LastUpgradeCheck = 0900;
				ORGANIZATIONNAME = "Semi Ismaili";
				TargetAttributes = {
					489CC23E2459AF76004E1275 = {
						CreatedOnToolsVersion = 9.0;
						ProvisioningStyle = Automatic;
					};
				};
			};
			buildConfigurationList = 489CC23A2459AF76004E1275 /* Build configuration list for PBXProject "tinder" */;
			compatibilityVersion = "Xcode 8.0";
			developmentRegion = en;
			hasScannedForEncodings = 0;
			knownRegions = (
				en,
				Base,
			);
			mainGroup = 489CC2362459AF76004E1275;
			productRefGroup = 489CC2402459AF76004E1275 /* Products */;
			projectDirPath = "";
			projectRoot = "";
			targets = (
				489CC23E2459AF76004E1275 /* tinder */,
			);
		};
/* End PBXProject section */

/* Begin PBXResourcesBuildPhase section */
		489CC23D2459AF76004E1275 /* Resources */ = {
			isa = PBXResourcesBuildPhase;
			buildActionMask = 2147483647;
			files = (
				489CC24D2459AF76004E1275 /* LaunchScreen.storyboard in Resources */,
				489CC24A2459AF76004E1275 /* Assets.xcassets in Resources */,
				489CC2482459AF76004E1275 /* Main.storyboard in Resources */,
			);
			runOnlyForDeploymentPostprocessing = 0;
		};
/* End PBXResourcesBuildPhase section */

/* Begin PBXShellScriptBuildPhase section */
		7CA772143CD8FB228167B580 /* [CP] Embed Pods Frameworks */ = {
			isa = PBXShellScriptBuildPhase;
			buildActionMask = 2147483647;
			files = (
			);
			inputPaths = (
				"${SRCROOT}/Pods/Target Support Files/Pods-tinder/Pods-tinder-frameworks.sh",
				"${BUILT_PRODUCTS_DIR}/Bolts/Bolts.framework",
				"${BUILT_PRODUCTS_DIR}/Parse/Parse.framework",
			);
			name = "[CP] Embed Pods Frameworks";
			outputPaths = (
				"${TARGET_BUILD_DIR}/${FRAMEWORKS_FOLDER_PATH}/Bolts.framework",
				"${TARGET_BUILD_DIR}/${FRAMEWORKS_FOLDER_PATH}/Parse.framework",
			);
			runOnlyForDeploymentPostprocessing = 0;
			shellPath = /bin/sh;
			shellScript = "\"${SRCROOT}/Pods/Target Support Files/Pods-tinder/Pods-tinder-frameworks.sh\"\n";
			showEnvVarsInLog = 0;
		};
		CD826CF283D88E0136CE0D65 /* [CP] Check Pods Manifest.lock */ = {
			isa = PBXShellScriptBuildPhase;
			buildActionMask = 2147483647;
			files = (
			);
			inputPaths = (
				"${PODS_PODFILE_DIR_PATH}/Podfile.lock",
				"${PODS_ROOT}/Manifest.lock",
			);
			name = "[CP] Check Pods Manifest.lock";
			outputPaths = (
				"$(DERIVED_FILE_DIR)/Pods-tinder-checkManifestLockResult.txt",
			);
			runOnlyForDeploymentPostprocessing = 0;
			shellPath = /bin/sh;
			shellScript = "diff \"${PODS_PODFILE_DIR_PATH}/Podfile.lock\" \"${PODS_ROOT}/Manifest.lock\" > /dev/null\nif [ $? != 0 ] ; then\n    # print error to STDERR\n    echo \"error: The sandbox is not in sync with the Podfile.lock. Run 'pod install' or update your CocoaPods installation.\" >&2\n    exit 1\nfi\n# This output is used by Xcode 'outputs' to avoid re-running this script phase.\necho \"SUCCESS\" > \"${SCRIPT_OUTPUT_FILE_0}\"\n";
			showEnvVarsInLog = 0;
		};
/* End PBXShellScriptBuildPhase section */

/* Begin PBXSourcesBuildPhase section */
		489CC23B2459AF76004E1275 /* Sources */ = {
			isa = PBXSourcesBuildPhase;
			buildActionMask = 2147483647;
			files = (
				489CC2452459AF76004E1275 /* ViewController.swift in Sources */,
				489CC2432459AF76004E1275 /* AppDelegate.swift in Sources */,
				48441A58245CA5A400C372FB /* LogInViewController.swift in Sources */,
			);
			runOnlyForDeploymentPostprocessing = 0;
		};
/* End PBXSourcesBuildPhase section */

/* Begin PBXVariantGroup section */
		489CC2462459AF76004E1275 /* Main.storyboard */ = {
			isa = PBXVariantGroup;
			children = (
				489CC2472459AF76004E1275 /* Base */,
			);
			name = Main.storyboard;
			sourceTree = "<group>";
		};
		489CC24B2459AF76004E1275 /* LaunchScreen.storyboard */ = {
			isa = PBXVariantGroup;
			children = (
				489CC24C2459AF76004E1275 /* Base */,
			);
			name = LaunchScreen.storyboard;
			sourceTree = "<group>";
		};
/* End PBXVariantGroup section */

/* Begin XCBuildConfiguration section */
		489CC24F2459AF76004E1275 /* Debug */ = {
			isa = XCBuildConfiguration;
			buildSettings = {
				ALWAYS_SEARCH_USER_PATHS = NO;
				CLANG_ANALYZER_NONNULL = YES;
				CLANG_ANALYZER_NUMBER_OBJECT_CONVERSION = YES_AGGRESSIVE;
				CLANG_CXX_LANGUAGE_STANDARD = "gnu++14";
				CLANG_CXX_LIBRARY = "libc++";
				CLANG_ENABLE_MODULES = YES;
				CLANG_ENABLE_OBJC_ARC = YES;
				CLANG_WARN_BLOCK_CAPTURE_AUTORELEASING = YES;
				CLANG_WARN_BOOL_CONVERSION = YES;
				CLANG_WARN_COMMA = YES;
				CLANG_WARN_CONSTANT_CONVERSION = YES;
				CLANG_WARN_DIRECT_OBJC_ISA_USAGE = YES_ERROR;
				CLANG_WARN_DOCUMENTATION_COMMENTS = YES;
				CLANG_WARN_EMPTY_BODY = YES;
				CLANG_WARN_ENUM_CONVERSION = YES;
				CLANG_WARN_INFINITE_RECURSION = YES;
				CLANG_WARN_INT_CONVERSION = YES;
				CLANG_WARN_NON_LITERAL_NULL_CONVERSION = YES;
				CLANG_WARN_OBJC_LITERAL_CONVERSION = YES;
				CLANG_WARN_OBJC_ROOT_CLASS = YES_ERROR;
				CLANG_WARN_RANGE_LOOP_ANALYSIS = YES;
				CLANG_WARN_STRICT_PROTOTYPES = YES;
				CLANG_WARN_SUSPICIOUS_MOVE = YES;
				CLANG_WARN_UNGUARDED_AVAILABILITY = YES_AGGRESSIVE;
				CLANG_WARN_UNREACHABLE_CODE = YES;
				CLANG_WARN__DUPLICATE_METHOD_MATCH = YES;
				CODE_SIGN_IDENTITY = "iPhone Developer";
				COPY_PHASE_STRIP = NO;
				DEBUG_INFORMATION_FORMAT = dwarf;
				ENABLE_STRICT_OBJC_MSGSEND = YES;
				ENABLE_TESTABILITY = YES;
				GCC_C_LANGUAGE_STANDARD = gnu11;
				GCC_DYNAMIC_NO_PIC = NO;
				GCC_NO_COMMON_BLOCKS = YES;
				GCC_OPTIMIZATION_LEVEL = 0;
				GCC_PREPROCESSOR_DEFINITIONS = (
					"DEBUG=1",
					"$(inherited)",
				);
				GCC_WARN_64_TO_32_BIT_CONVERSION = YES;
				GCC_WARN_ABOUT_RETURN_TYPE = YES_ERROR;
				GCC_WARN_UNDECLARED_SELECTOR = YES;
				GCC_WARN_UNINITIALIZED_AUTOS = YES_AGGRESSIVE;
				GCC_WARN_UNUSED_FUNCTION = YES;
				GCC_WARN_UNUSED_VARIABLE = YES;
				IPHONEOS_DEPLOYMENT_TARGET = 11.0;
				MTL_ENABLE_DEBUG_INFO = YES;
				ONLY_ACTIVE_ARCH = YES;
				SDKROOT = iphoneos;
				SWIFT_ACTIVE_COMPILATION_CONDITIONS = DEBUG;
				SWIFT_OPTIMIZATION_LEVEL = "-Onone";
			};
			name = Debug;
		};
		489CC2502459AF76004E1275 /* Release */ = {
			isa = XCBuildConfiguration;
			buildSettings = {
				ALWAYS_SEARCH_USER_PATHS = NO;
				CLANG_ANALYZER_NONNULL = YES;
				CLANG_ANALYZER_NUMBER_OBJECT_CONVERSION = YES_AGGRESSIVE;
				CLANG_CXX_LANGUAGE_STANDARD = "gnu++14";
				CLANG_CXX_LIBRARY = "libc++";
				CLANG_ENABLE_MODULES = YES;
				CLANG_ENABLE_OBJC_ARC = YES;
				CLANG_WARN_BLOCK_CAPTURE_AUTORELEASING = YES;
				CLANG_WARN_BOOL_CONVERSION = YES;
				CLANG_WARN_COMMA = YES;
				CLANG_WARN_CONSTANT_CONVERSION = YES;
				CLANG_WARN_DIRECT_OBJC_ISA_USAGE = YES_ERROR;
				CLANG_WARN_DOCUMENTATION_COMMENTS = YES;
				CLANG_WARN_EMPTY_BODY = YES;
				CLANG_WARN_ENUM_CONVERSION = YES;
				CLANG_WARN_INFINITE_RECURSION = YES;
				CLANG_WARN_INT_CONVERSION = YES;
				CLANG_WARN_NON_LITERAL_NULL_CONVERSION = YES;
				CLANG_WARN_OBJC_LITERAL_CONVERSION = YES;
				CLANG_WARN_OBJC_ROOT_CLASS = YES_ERROR;
				CLANG_WARN_RANGE_LOOP_ANALYSIS = YES;
				CLANG_WARN_STRICT_PROTOTYPES = YES;
				CLANG_WARN_SUSPICIOUS_MOVE = YES;
				CLANG_WARN_UNGUARDED_AVAILABILITY = YES_AGGRESSIVE;
				CLANG_WARN_UNREACHABLE_CODE = YES;
				CLANG_WARN__DUPLICATE_METHOD_MATCH = YES;
				CODE_SIGN_IDENTITY = "iPhone Developer";
				COPY_PHASE_STRIP = NO;
				DEBUG_INFORMATION_FORMAT = "dwarf-with-dsym";
				ENABLE_NS_ASSERTIONS = NO;
				ENABLE_STRICT_OBJC_MSGSEND = YES;
				GCC_C_LANGUAGE_STANDARD = gnu11;
				GCC_NO_COMMON_BLOCKS = YES;
				GCC_WARN_64_TO_32_BIT_CONVERSION = YES;
				GCC_WARN_ABOUT_RETURN_TYPE = YES_ERROR;
				GCC_WARN_UNDECLARED_SELECTOR = YES;
				GCC_WARN_UNINITIALIZED_AUTOS = YES_AGGRESSIVE;
				GCC_WARN_UNUSED_FUNCTION = YES;
				GCC_WARN_UNUSED_VARIABLE = YES;
				IPHONEOS_DEPLOYMENT_TARGET = 11.0;
				MTL_ENABLE_DEBUG_INFO = NO;
				SDKROOT = iphoneos;
				SWIFT_OPTIMIZATION_LEVEL = "-Owholemodule";
				VALIDATE_PRODUCT = YES;
			};
			name = Release;
		};
		489CC2522459AF76004E1275 /* Debug */ = {
			isa = XCBuildConfiguration;
			baseConfigurationReference = 27DF19B7B646E2E8BAC27D49 /* Pods-tinder.debug.xcconfig */;
			buildSettings = {
				ASSETCATALOG_COMPILER_APPICON_NAME = AppIcon;
				CODE_SIGN_STYLE = Automatic;
				INFOPLIST_FILE = tinder/Info.plist;
				LD_RUNPATH_SEARCH_PATHS = "$(inherited) @executable_path/Frameworks";
				PRODUCT_BUNDLE_IDENTIFIER = semiismaili.tinder;
				PRODUCT_NAME = "$(TARGET_NAME)";
				SWIFT_VERSION = 4.0;
				TARGETED_DEVICE_FAMILY = "1,2";
			};
			name = Debug;
		};
		489CC2532459AF76004E1275 /* Release */ = {
			isa = XCBuildConfiguration;
			baseConfigurationReference = DABB8CBD90D76EC511E895F7 /* Pods-tinder.release.xcconfig */;
			buildSettings = {
				ASSETCATALOG_COMPILER_APPICON_NAME = AppIcon;
				CODE_SIGN_STYLE = Automatic;
				INFOPLIST_FILE = tinder/Info.plist;
				LD_RUNPATH_SEARCH_PATHS = "$(inherited) @executable_path/Frameworks";
				PRODUCT_BUNDLE_IDENTIFIER = semiismaili.tinder;
				PRODUCT_NAME = "$(TARGET_NAME)";
				SWIFT_VERSION = 4.0;
				TARGETED_DEVICE_FAMILY = "1,2";
			};
			name = Release;
		};
/* End XCBuildConfiguration section */

/* Begin XCConfigurationList section */
		489CC23A2459AF76004E1275 /* Build configuration list for PBXProject "tinder" */ = {
			isa = XCConfigurationList;
			buildConfigurations = (
				489CC24F2459AF76004E1275 /* Debug */,
				489CC2502459AF76004E1275 /* Release */,
			);
			defaultConfigurationIsVisible = 0;
			defaultConfigurationName = Release;
		};
		489CC2512459AF76004E1275 /* Build configuration list for PBXNativeTarget "tinder" */ = {
			isa = XCConfigurationList;
			buildConfigurations = (
				489CC2522459AF76004E1275 /* Debug */,
				489CC2532459AF76004E1275 /* Release */,
			);
			defaultConfigurationIsVisible = 0;
			defaultConfigurationName = Release;
		};
/* End XCConfigurationList section */
	};
	rootObject = 489CC2372459AF76004E1275 /* Project object */;
}
